PODS:
  - Faro (1.0.0)
  - Nimble (5.0.0-alpha.30p1)
  - Quick (0.9.3)
  - Stella (0.4.1)

DEPENDENCIES:
  - Faro (from `../`)
  - Nimble (from `https://github.com/Quick/Nimble.git`)
  - Quick (from `https://github.com/Quick/Quick.git`, branch `swift-3.0`)
  - Stella (from `https://github.com/icapps/ios-stella.git`, branch `feature/swift3.0`)

EXTERNAL SOURCES:
  Faro:
    :path: "../"
  Nimble:
    :git: https://github.com/Quick/Nimble.git
  Quick:
    :branch: swift-3.0
    :git: https://github.com/Quick/Quick.git
  Stella:
    :branch: feature/swift3.0
    :git: https://github.com/icapps/ios-stella.git

CHECKOUT OPTIONS:
  Nimble:
    :commit: fcc28b23f57b30382e5f182c238674694d7174cb
    :git: https://github.com/Quick/Nimble.git
  Quick:
    :commit: 8f2bc636ecfa2cc20696f62548b38d4ab943e299
    :git: https://github.com/Quick/Quick.git
  Stella:
    :commit: 43630919bef2736377e5b8f1a12660330551f2fa
    :git: https://github.com/icapps/ios-stella.git

SPEC CHECKSUMS:
  Faro: e1e426077ded99b2aa2e25c4f67d6276f5b89bc0
  Nimble: c5b995b4cd57789ec44b0cfb79640fc00e61a8c7
  Quick: 31fb576b6cbb6b028cc5e0016e4366accbb346f5
  Stella: d158572e518e4254ab00dba7e7786995b961a695

PODFILE CHECKSUM: df3ade8a743e04d6fd68665bbb7ad3a338386e9d

COCOAPODS: 1.1.1
