PODS:
  - Faro (0.7.1)
  - Nimble (4.1.0)
  - Quick (0.9.3)

DEPENDENCIES:
  - Faro (from `../`)
  - Nimble (~> 4.1.0)
  - Quick (~> 0.9.3)

EXTERNAL SOURCES:
  Faro:
    :path: "../"

SPEC CHECKSUMS:
  Faro: f8026af2b521aa384c1e2c9beb99308729dddf69
  Nimble: 97a0a4cae5124c117115634b2d055d8c97d0af19
  Quick: 13a2a2b19a5d8e3ed4fd0c36ee46597fd77ebf71

PODFILE CHECKSUM: 391494e6de2a9ffa3b544c6a3b4281e40534d124

COCOAPODS: 1.0.1
