// !$*UTF8*$!
{
	archiveVersion = 1;
	classes = {
	};
	objectVersion = 46;
	objects = {

/* Begin PBXBuildFile section */
		C05F658A1C0B0BA900F7898F /* Umbrella.h in Headers */ = {isa = PBXBuildFile; fileRef = C05F65891C0B0BA900F7898F /* Umbrella.h */; settings = {ATTRIBUTES = (Public, ); }; };
		C05F65911C0B0BA900F7898F /* Umbrella.framework in Frameworks */ = {isa = PBXBuildFile; fileRef = C05F65861C0B0BA900F7898F /* Umbrella.framework */; };
		C05F65961C0B0BA900F7898F /* UmbrellaTests.swift in Sources */ = {isa = PBXBuildFile; fileRef = C05F65951C0B0BA900F7898F /* UmbrellaTests.swift */; };
		C05F65A11C0B0C3C00F7898F /* File.swift in Sources */ = {isa = PBXBuildFile; fileRef = C05F65A01C0B0C3C00F7898F /* File.swift */; };
/* End PBXBuildFile section */

/* Begin PBXContainerItemProxy section */
		C05F65921C0B0BA900F7898F /* PBXContainerItemProxy */ = {
			isa = PBXContainerItemProxy;
			containerPortal = C05F657D1C0B0BA900F7898F /* Project object */;
			proxyType = 1;
			remoteGlobalIDString = C05F65851C0B0BA900F7898F;
			remoteInfo = Umbrella;
		};
/* End PBXContainerItemProxy section */

/* Begin PBXFileReference section */
		C05F65861C0B0BA900F7898F /* Umbrella.framework */ = {isa = PBXFileReference; explicitFileType = wrapper.framework; includeInIndex = 0; path = Umbrella.framework; sourceTree = BUILT_PRODUCTS_DIR; };
		C05F65891C0B0BA900F7898F /* Umbrella.h */ = {isa = PBXFileReference; lastKnownFileType = sourcecode.c.h; path = Umbrella.h; sourceTree = "<group>"; };
		C05F658B1C0B0BA900F7898F /* Info.plist */ = {isa = PBXFileReference; lastKnownFileType = text.plist.xml; path = Info.plist; sourceTree = "<group>"; };
		C05F65901C0B0BA900F7898F /* UmbrellaTests.xctest */ = {isa = PBXFileReference; explicitFileType = wrapper.cfbundle; includeInIndex = 0; path = UmbrellaTests.xctest; sourceTree = BUILT_PRODUCTS_DIR; };
		C05F65951C0B0BA900F7898F /* UmbrellaTests.swift */ = {isa = PBXFileReference; lastKnownFileType = sourcecode.swift; path = UmbrellaTests.swift; sourceTree = "<group>"; };
		C05F65971C0B0BA900F7898F /* Info.plist */ = {isa = PBXFileReference; lastKnownFileType = text.plist.xml; path = Info.plist; sourceTree = "<group>"; };
		C05F65A01C0B0C3C00F7898F /* File.swift */ = {isa = PBXFileReference; fileEncoding = 4; lastKnownFileType = sourcecode.swift; name = File.swift; path = Service/File.swift; sourceTree = "<group>"; };
/* End PBXFileReference section */

/* Begin PBXFrameworksBuildPhase section */
		C05F65821C0B0BA900F7898F /* Frameworks */ = {
			isa = PBXFrameworksBuildPhase;
			buildActionMask = 2147483647;
			files = (
			);
			runOnlyForDeploymentPostprocessing = 0;
		};
		C05F658D1C0B0BA900F7898F /* Frameworks */ = {
			isa = PBXFrameworksBuildPhase;
			buildActionMask = 2147483647;
			files = (
				C05F65911C0B0BA900F7898F /* Umbrella.framework in Frameworks */,
			);
			runOnlyForDeploymentPostprocessing = 0;
		};
/* End PBXFrameworksBuildPhase section */

/* Begin PBXGroup section */
		C05F657C1C0B0BA900F7898F = {
			isa = PBXGroup;
			children = (
				C05F65881C0B0BA900F7898F /* Umbrella */,
				C05F65941C0B0BA900F7898F /* UmbrellaTests */,
				C05F65871C0B0BA900F7898F /* Products */,
			);
			sourceTree = "<group>";
		};
		C05F65871C0B0BA900F7898F /* Products */ = {
			isa = PBXGroup;
			children = (
				C05F65861C0B0BA900F7898F /* Umbrella.framework */,
				C05F65901C0B0BA900F7898F /* UmbrellaTests.xctest */,
			);
			name = Products;
			sourceTree = "<group>";
		};
		C05F65881C0B0BA900F7898F /* Umbrella */ = {
			isa = PBXGroup;
			children = (
				C05F65891C0B0BA900F7898F /* Umbrella.h */,
				C05F658B1C0B0BA900F7898F /* Info.plist */,
				C05F65A01C0B0C3C00F7898F /* File.swift */,
			);
			path = Umbrella;
			sourceTree = "<group>";
		};
		C05F65941C0B0BA900F7898F /* UmbrellaTests */ = {
			isa = PBXGroup;
			children = (
				C05F65951C0B0BA900F7898F /* UmbrellaTests.swift */,
				C05F65971C0B0BA900F7898F /* Info.plist */,
			);
			path = UmbrellaTests;
			sourceTree = "<group>";
		};
/* End PBXGroup section */

/* Begin PBXHeadersBuildPhase section */
		C05F65831C0B0BA900F7898F /* Headers */ = {
			isa = PBXHeadersBuildPhase;
			buildActionMask = 2147483647;
			files = (
				C05F658A1C0B0BA900F7898F /* Umbrella.h in Headers */,
			);
			runOnlyForDeploymentPostprocessing = 0;
		};
/* End PBXHeadersBuildPhase section */

/* Begin PBXNativeTarget section */
		C05F65851C0B0BA900F7898F /* Umbrella */ = {
			isa = PBXNativeTarget;
			buildConfigurationList = C05F659A1C0B0BA900F7898F /* Build configuration list for PBXNativeTarget "Umbrella" */;
			buildPhases = (
				C05F65811C0B0BA900F7898F /* Sources */,
				C05F65821C0B0BA900F7898F /* Frameworks */,
				C05F65831C0B0BA900F7898F /* Headers */,
				C05F65841C0B0BA900F7898F /* Resources */,
			);
			buildRules = (
			);
			dependencies = (
			);
			name = Umbrella;
			productName = Umbrella;
			productReference = C05F65861C0B0BA900F7898F /* Umbrella.framework */;
			productType = "com.apple.product-type.framework";
		};
		C05F658F1C0B0BA900F7898F /* UmbrellaTests */ = {
			isa = PBXNativeTarget;
			buildConfigurationList = C05F659D1C0B0BA900F7898F /* Build configuration list for PBXNativeTarget "UmbrellaTests" */;
			buildPhases = (
				C05F658C1C0B0BA900F7898F /* Sources */,
				C05F658D1C0B0BA900F7898F /* Frameworks */,
				C05F658E1C0B0BA900F7898F /* Resources */,
			);
			buildRules = (
			);
			dependencies = (
				C05F65931C0B0BA900F7898F /* PBXTargetDependency */,
			);
			name = UmbrellaTests;
			productName = UmbrellaTests;
			productReference = C05F65901C0B0BA900F7898F /* UmbrellaTests.xctest */;
			productType = "com.apple.product-type.bundle.unit-test";
		};
/* End PBXNativeTarget section */

/* Begin PBXProject section */
		C05F657D1C0B0BA900F7898F /* Project object */ = {
			isa = PBXProject;
			attributes = {
				LastSwiftUpdateCheck = 0710;
				LastUpgradeCheck = 0710;
				ORGANIZATIONNAME = dooz;
				TargetAttributes = {
					C05F65851C0B0BA900F7898F = {
						CreatedOnToolsVersion = 7.1.1;
					};
					C05F658F1C0B0BA900F7898F = {
						CreatedOnToolsVersion = 7.1.1;
					};
				};
			};
			buildConfigurationList = C05F65801C0B0BA900F7898F /* Build configuration list for PBXProject "Umbrella" */;
			compatibilityVersion = "Xcode 3.2";
			developmentRegion = English;
			hasScannedForEncodings = 0;
			knownRegions = (
				en,
			);
			mainGroup = C05F657C1C0B0BA900F7898F;
			productRefGroup = C05F65871C0B0BA900F7898F /* Products */;
			projectDirPath = "";
			projectRoot = "";
			targets = (
				C05F65851C0B0BA900F7898F /* Umbrella */,
				C05F658F1C0B0BA900F7898F /* UmbrellaTests */,
			);
		};
/* End PBXProject section */

/* Begin PBXResourcesBuildPhase section */
		C05F65841C0B0BA900F7898F /* Resources */ = {
			isa = PBXResourcesBuildPhase;
			buildActionMask = 2147483647;
			files = (
			);
			runOnlyForDeploymentPostprocessing = 0;
		};
		C05F658E1C0B0BA900F7898F /* Resources */ = {
			isa = PBXResourcesBuildPhase;
			buildActionMask = 2147483647;
			files = (
			);
			runOnlyForDeploymentPostprocessing = 0;
		};
/* End PBXResourcesBuildPhase section */

/* Begin PBXSourcesBuildPhase section */
		C05F65811C0B0BA900F7898F /* Sources */ = {
			isa = PBXSourcesBuildPhase;
			buildActionMask = 2147483647;
			files = (
				C05F65A11C0B0C3C00F7898F /* File.swift in Sources */,
			);
			runOnlyForDeploymentPostprocessing = 0;
		};
		C05F658C1C0B0BA900F7898F /* Sources */ = {
			isa = PBXSourcesBuildPhase;
			buildActionMask = 2147483647;
			files = (
				C05F65961C0B0BA900F7898F /* UmbrellaTests.swift in Sources */,
			);
			runOnlyForDeploymentPostprocessing = 0;
		};
/* End PBXSourcesBuildPhase section */

/* Begin PBXTargetDependency section */
		C05F65931C0B0BA900F7898F /* PBXTargetDependency */ = {
			isa = PBXTargetDependency;
			target = C05F65851C0B0BA900F7898F /* Umbrella */;
			targetProxy = C05F65921C0B0BA900F7898F /* PBXContainerItemProxy */;
		};
/* End PBXTargetDependency section */

/* Begin XCBuildConfiguration section */
		C05F65981C0B0BA900F7898F /* Debug */ = {
			isa = XCBuildConfiguration;
			buildSettings = {
				ALWAYS_SEARCH_USER_PATHS = NO;
				CLANG_CXX_LANGUAGE_STANDARD = "gnu++0x";
				CLANG_CXX_LIBRARY = "libc++";
				CLANG_ENABLE_MODULES = YES;
				CLANG_ENABLE_OBJC_ARC = YES;
				CLANG_WARN_BOOL_CONVERSION = YES;
				CLANG_WARN_CONSTANT_CONVERSION = YES;
				CLANG_WARN_DIRECT_OBJC_ISA_USAGE = YES_ERROR;
				CLANG_WARN_EMPTY_BODY = YES;
				CLANG_WARN_ENUM_CONVERSION = YES;
				CLANG_WARN_INT_CONVERSION = YES;
				CLANG_WARN_OBJC_ROOT_CLASS = YES_ERROR;
				CLANG_WARN_UNREACHABLE_CODE = YES;
				CLANG_WARN__DUPLICATE_METHOD_MATCH = YES;
				"CODE_SIGN_IDENTITY[sdk=iphoneos*]" = "iPhone Developer";
				COPY_PHASE_STRIP = NO;
				CURRENT_PROJECT_VERSION = 1;
				DEBUG_INFORMATION_FORMAT = dwarf;
				ENABLE_STRICT_OBJC_MSGSEND = YES;
				ENABLE_TESTABILITY = YES;
				GCC_C_LANGUAGE_STANDARD = gnu99;
				GCC_DYNAMIC_NO_PIC = NO;
				GCC_NO_COMMON_BLOCKS = YES;
				GCC_OPTIMIZATION_LEVEL = 0;
				GCC_PREPROCESSOR_DEFINITIONS = (
					"DEBUG=1",
					"$(inherited)",
				);
				GCC_WARN_64_TO_32_BIT_CONVERSION = YES;
				GCC_WARN_ABOUT_RETURN_TYPE = YES_ERROR;
				GCC_WARN_UNDECLARED_SELECTOR = YES;
				GCC_WARN_UNINITIALIZED_AUTOS = YES_AGGRESSIVE;
				GCC_WARN_UNUSED_FUNCTION = YES;
				GCC_WARN_UNUSED_VARIABLE = YES;
				IPHONEOS_DEPLOYMENT_TARGET = 9.1;
				MTL_ENABLE_DEBUG_INFO = YES;
				ONLY_ACTIVE_ARCH = YES;
				SDKROOT = iphoneos;
				SWIFT_OPTIMIZATION_LEVEL = "-Onone";
				TARGETED_DEVICE_FAMILY = "1,2";
				VERSIONING_SYSTEM = "apple-generic";
				VERSION_INFO_PREFIX = "";
			};
			name = Debug;
		};
		C05F65991C0B0BA900F7898F /* Release */ = {
			isa = XCBuildConfiguration;
			buildSettings = {
				ALWAYS_SEARCH_USER_PATHS = NO;
				CLANG_CXX_LANGUAGE_STANDARD = "gnu++0x";
				CLANG_CXX_LIBRARY = "libc++";
				CLANG_ENABLE_MODULES = YES;
				CLANG_ENABLE_OBJC_ARC = YES;
				CLANG_WARN_BOOL_CONVERSION = YES;
				CLANG_WARN_CONSTANT_CONVERSION = YES;
				CLANG_WARN_DIRECT_OBJC_ISA_USAGE = YES_ERROR;
				CLANG_WARN_EMPTY_BODY = YES;
				CLANG_WARN_ENUM_CONVERSION = YES;
				CLANG_WARN_INT_CONVERSION = YES;
				CLANG_WARN_OBJC_ROOT_CLASS = YES_ERROR;
				CLANG_WARN_UNREACHABLE_CODE = YES;
				CLANG_WARN__DUPLICATE_METHOD_MATCH = YES;
				"CODE_SIGN_IDENTITY[sdk=iphoneos*]" = "iPhone Developer";
				COPY_PHASE_STRIP = NO;
				CURRENT_PROJECT_VERSION = 1;
				DEBUG_INFORMATION_FORMAT = "dwarf-with-dsym";
				ENABLE_NS_ASSERTIONS = NO;
				ENABLE_STRICT_OBJC_MSGSEND = YES;
				GCC_C_LANGUAGE_STANDARD = gnu99;
				GCC_NO_COMMON_BLOCKS = YES;
				GCC_WARN_64_TO_32_BIT_CONVERSION = YES;
				GCC_WARN_ABOUT_RETURN_TYPE = YES_ERROR;
				GCC_WARN_UNDECLARED_SELECTOR = YES;
				GCC_WARN_UNINITIALIZED_AUTOS = YES_AGGRESSIVE;
				GCC_WARN_UNUSED_FUNCTION = YES;
				GCC_WARN_UNUSED_VARIABLE = YES;
				IPHONEOS_DEPLOYMENT_TARGET = 9.1;
				MTL_ENABLE_DEBUG_INFO = NO;
				SDKROOT = iphoneos;
				TARGETED_DEVICE_FAMILY = "1,2";
				VALIDATE_PRODUCT = YES;
				VERSIONING_SYSTEM = "apple-generic";
				VERSION_INFO_PREFIX = "";
			};
			name = Release;
		};
		C05F659B1C0B0BA900F7898F /* Debug */ = {
			isa = XCBuildConfiguration;
			buildSettings = {
				CLANG_ENABLE_MODULES = YES;
				DEFINES_MODULE = YES;
				DYLIB_COMPATIBILITY_VERSION = 1;
				DYLIB_CURRENT_VERSION = 1;
				DYLIB_INSTALL_NAME_BASE = "@rpath";
				INFOPLIST_FILE = Umbrella/Info.plist;
				INSTALL_PATH = "$(LOCAL_LIBRARY_DIR)/Frameworks";
				LD_RUNPATH_SEARCH_PATHS = "$(inherited) @executable_path/Frameworks @loader_path/Frameworks";
				PRODUCT_BUNDLE_IDENTIFIER = be.dooz.Umbrella;
				PRODUCT_NAME = "$(TARGET_NAME)";
				SKIP_INSTALL = YES;
				SWIFT_OPTIMIZATION_LEVEL = "-Onone";
			};
			name = Debug;
		};
		C05F659C1C0B0BA900F7898F /* Release */ = {
			isa = XCBuildConfiguration;
			buildSettings = {
				CLANG_ENABLE_MODULES = YES;
				DEFINES_MODULE = YES;
				DYLIB_COMPATIBILITY_VERSION = 1;
				DYLIB_CURRENT_VERSION = 1;
				DYLIB_INSTALL_NAME_BASE = "@rpath";
				INFOPLIST_FILE = Umbrella/Info.plist;
				INSTALL_PATH = "$(LOCAL_LIBRARY_DIR)/Frameworks";
				LD_RUNPATH_SEARCH_PATHS = "$(inherited) @executable_path/Frameworks @loader_path/Frameworks";
				PRODUCT_BUNDLE_IDENTIFIER = be.dooz.Umbrella;
				PRODUCT_NAME = "$(TARGET_NAME)";
				SKIP_INSTALL = YES;
			};
			name = Release;
		};
		C05F659E1C0B0BA900F7898F /* Debug */ = {
			isa = XCBuildConfiguration;
			buildSettings = {
				INFOPLIST_FILE = UmbrellaTests/Info.plist;
				LD_RUNPATH_SEARCH_PATHS = "$(inherited) @executable_path/Frameworks @loader_path/Frameworks";
				PRODUCT_BUNDLE_IDENTIFIER = be.dooz.UmbrellaTests;
				PRODUCT_NAME = "$(TARGET_NAME)";
			};
			name = Debug;
		};
		C05F659F1C0B0BA900F7898F /* Release */ = {
			isa = XCBuildConfiguration;
			buildSettings = {
				INFOPLIST_FILE = UmbrellaTests/Info.plist;
				LD_RUNPATH_SEARCH_PATHS = "$(inherited) @executable_path/Frameworks @loader_path/Frameworks";
				PRODUCT_BUNDLE_IDENTIFIER = be.dooz.UmbrellaTests;
				PRODUCT_NAME = "$(TARGET_NAME)";
			};
			name = Release;
		};
/* End XCBuildConfiguration section */

/* Begin XCConfigurationList section */
		C05F65801C0B0BA900F7898F /* Build configuration list for PBXProject "Umbrella" */ = {
			isa = XCConfigurationList;
			buildConfigurations = (
				C05F65981C0B0BA900F7898F /* Debug */,
				C05F65991C0B0BA900F7898F /* Release */,
			);
			defaultConfigurationIsVisible = 0;
			defaultConfigurationName = Release;
		};
		C05F659A1C0B0BA900F7898F /* Build configuration list for PBXNativeTarget "Umbrella" */ = {
			isa = XCConfigurationList;
			buildConfigurations = (
				C05F659B1C0B0BA900F7898F /* Debug */,
				C05F659C1C0B0BA900F7898F /* Release */,
			);
			defaultConfigurationIsVisible = 0;
		};
		C05F659D1C0B0BA900F7898F /* Build configuration list for PBXNativeTarget "UmbrellaTests" */ = {
			isa = XCConfigurationList;
			buildConfigurations = (
				C05F659E1C0B0BA900F7898F /* Debug */,
				C05F659F1C0B0BA900F7898F /* Release */,
			);
			defaultConfigurationIsVisible = 0;
		};
/* End XCConfigurationList section */
	};
	rootObject = C05F657D1C0B0BA900F7898F /* Project object */;
}
